
Microsoft Visual Studio Solution File, Format Version 12.00
# Visual Studio Version 16
VisualStudioVersion = 16.0.29503.13
MinimumVisualStudioVersion = 10.0.40219.1
Project("{FAE04EC0-301F-11D3-BF4B-00C04F79EFBC}") = "DNA-RNA-Converter", "DNA-RNA-Converter\DNA-RNA-Converter.csproj", "{BCC02A15-CA2E-4A8F-96ED-5F163EB4664C}"
EndProject
Global
	GlobalSection(SolutionConfigurationPlatforms) = preSolution
		Debug|Any CPU = Debug|Any CPU
		Release|Any CPU = Release|Any CPU
	EndGlobalSection
	GlobalSection(ProjectConfigurationPlatforms) = postSolution
		{BCC02A15-CA2E-4A8F-96ED-5F163EB4664C}.Debug|Any CPU.ActiveCfg = Debug|Any CPU
		{BCC02A15-CA2E-4A8F-96ED-5F163EB4664C}.Debug|Any CPU.Build.0 = Debug|Any CPU
		{BCC02A15-CA2E-4A8F-96ED-5F163EB4664C}.Release|Any CPU.ActiveCfg = Release|Any CPU
		{BCC02A15-CA2E-4A8F-96ED-5F163EB4664C}.Release|Any CPU.Build.0 = Release|Any CPU
	EndGlobalSection
	GlobalSection(SolutionProperties) = preSolution
		HideSolutionNode = FALSE
	EndGlobalSection
	GlobalSection(ExtensibilityGlobals) = postSolution
		SolutionGuid = {6BD86152-0F17-4226-B880-82A8B2635A9D}
	EndGlobalSection
EndGlobal
